
Microsoft Visual Studio Solution File, Format Version 12.00
# Visual Studio 14
VisualStudioVersion = 14.0.25123.0
MinimumVisualStudioVersion = 10.0.40219.1
Project("{8BC9CEB8-8B4A-11D0-8D11-00A0C91BC942}") = "Packager", "Packager\Packager.vcxproj", "{35CAE36D-7D77-4685-8607-B94611A61CD9}"
	ProjectSection(ProjectDependencies) = postProject
		{BB1C3245-05C5-4512-93DB-E12D2ECD26E4} = {BB1C3245-05C5-4512-93DB-E12D2ECD26E4}
	EndProjectSection
EndProject
Project("{8BC9CEB8-8B4A-11D0-8D11-00A0C91BC942}") = "CommsFramework", "..\..\src\CommsFramework\CommsFramework.vcxproj", "{BB1C3245-05C5-4512-93DB-E12D2ECD26E4}"
EndProject
Project("{8BC9CEB8-8B4A-11D0-8D11-00A0C91BC942}") = "Blackjack", "..\..\src\Blackjack\Blackjack.vcxproj", "{38FD1962-2049-4053-9D55-89665D432A8E}"
EndProject
Global
	GlobalSection(SolutionConfigurationPlatforms) = preSolution
		Debug|x64 = Debug|x64
		Debug|x86 = Debug|x86
		Debug-Static|x64 = Debug-Static|x64
		Debug-Static|x86 = Debug-Static|x86
		Release|x64 = Release|x64
		Release|x86 = Release|x86
		Release-Static|x64 = Release-Static|x64
		Release-Static|x86 = Release-Static|x86
	EndGlobalSection
	GlobalSection(ProjectConfigurationPlatforms) = postSolution
		{35CAE36D-7D77-4685-8607-B94611A61CD9}.Debug|x64.ActiveCfg = Debug|x64
		{35CAE36D-7D77-4685-8607-B94611A61CD9}.Debug|x64.Build.0 = Debug|x64
		{35CAE36D-7D77-4685-8607-B94611A61CD9}.Debug|x86.ActiveCfg = Debug|Win32
		{35CAE36D-7D77-4685-8607-B94611A61CD9}.Debug|x86.Build.0 = Debug|Win32
		{35CAE36D-7D77-4685-8607-B94611A61CD9}.Debug-Static|x64.ActiveCfg = Debug|x64
		{35CAE36D-7D77-4685-8607-B94611A61CD9}.Debug-Static|x64.Build.0 = Debug|x64
		{35CAE36D-7D77-4685-8607-B94611A61CD9}.Debug-Static|x86.ActiveCfg = Debug|Win32
		{35CAE36D-7D77-4685-8607-B94611A61CD9}.Debug-Static|x86.Build.0 = Debug|Win32
		{35CAE36D-7D77-4685-8607-B94611A61CD9}.Release|x64.ActiveCfg = Release|x64
		{35CAE36D-7D77-4685-8607-B94611A61CD9}.Release|x64.Build.0 = Release|x64
		{35CAE36D-7D77-4685-8607-B94611A61CD9}.Release|x86.ActiveCfg = Release|Win32
		{35CAE36D-7D77-4685-8607-B94611A61CD9}.Release|x86.Build.0 = Release|Win32
		{35CAE36D-7D77-4685-8607-B94611A61CD9}.Release-Static|x64.ActiveCfg = Release|x64
		{35CAE36D-7D77-4685-8607-B94611A61CD9}.Release-Static|x64.Build.0 = Release|x64
		{35CAE36D-7D77-4685-8607-B94611A61CD9}.Release-Static|x86.ActiveCfg = Release|Win32
		{35CAE36D-7D77-4685-8607-B94611A61CD9}.Release-Static|x86.Build.0 = Release|Win32
		{BB1C3245-05C5-4512-93DB-E12D2ECD26E4}.Debug|x64.ActiveCfg = Debug|x64
		{BB1C3245-05C5-4512-93DB-E12D2ECD26E4}.Debug|x64.Build.0 = Debug|x64
		{BB1C3245-05C5-4512-93DB-E12D2ECD26E4}.Debug|x86.ActiveCfg = Debug|Win32
		{BB1C3245-05C5-4512-93DB-E12D2ECD26E4}.Debug|x86.Build.0 = Debug|Win32
		{BB1C3245-05C5-4512-93DB-E12D2ECD26E4}.Debug-Static|x64.ActiveCfg = Debug-Static|x64
		{BB1C3245-05C5-4512-93DB-E12D2ECD26E4}.Debug-Static|x64.Build.0 = Debug-Static|x64
		{BB1C3245-05C5-4512-93DB-E12D2ECD26E4}.Debug-Static|x86.ActiveCfg = Debug-Static|Win32
		{BB1C3245-05C5-4512-93DB-E12D2ECD26E4}.Debug-Static|x86.Build.0 = Debug-Static|Win32
		{BB1C3245-05C5-4512-93DB-E12D2ECD26E4}.Release|x64.ActiveCfg = Release|x64
		{BB1C3245-05C5-4512-93DB-E12D2ECD26E4}.Release|x64.Build.0 = Release|x64
		{BB1C3245-05C5-4512-93DB-E12D2ECD26E4}.Release|x86.ActiveCfg = Release|Win32
		{BB1C3245-05C5-4512-93DB-E12D2ECD26E4}.Release|x86.Build.0 = Release|Win32
		{BB1C3245-05C5-4512-93DB-E12D2ECD26E4}.Release-Static|x64.ActiveCfg = Release-Static|x64
		{BB1C3245-05C5-4512-93DB-E12D2ECD26E4}.Release-Static|x64.Build.0 = Release-Static|x64
		{BB1C3245-05C5-4512-93DB-E12D2ECD26E4}.Release-Static|x86.ActiveCfg = Release-Static|Win32
		{BB1C3245-05C5-4512-93DB-E12D2ECD26E4}.Release-Static|x86.Build.0 = Release-Static|Win32
		{38FD1962-2049-4053-9D55-89665D432A8E}.Debug|x64.ActiveCfg = Debug|x64
		{38FD1962-2049-4053-9D55-89665D432A8E}.Debug|x64.Build.0 = Debug|x64
		{38FD1962-2049-4053-9D55-89665D432A8E}.Debug|x86.ActiveCfg = Debug|Win32
		{38FD1962-2049-4053-9D55-89665D432A8E}.Debug|x86.Build.0 = Debug|Win32
		{38FD1962-2049-4053-9D55-89665D432A8E}.Debug-Static|x64.ActiveCfg = Debug|x64
		{38FD1962-2049-4053-9D55-89665D432A8E}.Debug-Static|x64.Build.0 = Debug|x64
		{38FD1962-2049-4053-9D55-89665D432A8E}.Debug-Static|x86.ActiveCfg = Debug|Win32
		{38FD1962-2049-4053-9D55-89665D432A8E}.Debug-Static|x86.Build.0 = Debug|Win32
		{38FD1962-2049-4053-9D55-89665D432A8E}.Release|x64.ActiveCfg = Release|x64
		{38FD1962-2049-4053-9D55-89665D432A8E}.Release|x64.Build.0 = Release|x64
		{38FD1962-2049-4053-9D55-89665D432A8E}.Release|x86.ActiveCfg = Release|Win32
		{38FD1962-2049-4053-9D55-89665D432A8E}.Release|x86.Build.0 = Release|Win32
		{38FD1962-2049-4053-9D55-89665D432A8E}.Release-Static|x64.ActiveCfg = Release|x64
		{38FD1962-2049-4053-9D55-89665D432A8E}.Release-Static|x64.Build.0 = Release|x64
		{38FD1962-2049-4053-9D55-89665D432A8E}.Release-Static|x86.ActiveCfg = Release|Win32
		{38FD1962-2049-4053-9D55-89665D432A8E}.Release-Static|x86.Build.0 = Release|Win32
	EndGlobalSection
	GlobalSection(SolutionProperties) = preSolution
		HideSolutionNode = FALSE
	EndGlobalSection
EndGlobal
