<?xml version="1.0" encoding="utf-8"?>
<Project ToolsVersion="4.0" xmlns="http://schemas.microsoft.com/developer/msbuild/2003">
  <ItemGroup>
    <Filter Include="Source Files">
      <UniqueIdentifier>{4FC737F1-C7A5-4376-A066-2A32D752A2FF}</UniqueIdentifier>
      <Extensions>cpp;c;cc;cxx;def;odl;idl;hpj;bat;asm;asmx</Extensions>
    </Filter>
    <Filter Include="Header Files">
      <UniqueIdentifier>{93995380-89BD-4b04-88EB-625FBE52EBFB}</UniqueIdentifier>
      <Extensions>h;hh;hpp;hxx;hm;inl;inc;xsd</Extensions>
    </Filter>
    <Filter Include="Resource Files">
      <UniqueIdentifier>{67DA6AB6-F800-4c08-8B7A-83BB121AAD01}</UniqueIdentifier>
      <Extensions>rc;ico;cur;bmp;dlg;rc2;rct;bin;rgs;gif;jpg;jpeg;jpe;resx;tiff;tif;png;wav;mfcribbon-ms</Extensions>
    </Filter>
    <Filter Include="ImportedFiles">
      <UniqueIdentifier>{26d4f5e1-a9e4-4e75-b1f2-a9f5be400756}</UniqueIdentifier>
    </Filter>
  </ItemGroup>
  <ItemGroup>
    <ClCompile Include="main.cpp">
      <Filter>Source Files</Filter>
    </ClCompile>
    <ClCompile Include="..\CommsFramework\DSprite.cpp">
      <Filter>ImportedFiles</Filter>
    </ClCompile>
    <ClCompile Include="..\CommsFramework\DTexture.cpp">
      <Filter>ImportedFiles</Filter>
    </ClCompile>
    <ClCompile Include="..\CommsFramework\FileReader.cpp">
      <Filter>ImportedFiles</Filter>
    </ClCompile>
    <ClCompile Include="..\CommsFramework\FPosition.cpp">
      <Filter>ImportedFiles</Filter>
    </ClCompile>
    <ClCompile Include="..\CommsFramework\FSize.cpp">
      <Filter>ImportedFiles</Filter>
    </ClCompile>
    <ClCompile Include="..\CommsFramework\GameObject.cpp">
      <Filter>ImportedFiles</Filter>
    </ClCompile>
    <ClCompile Include="..\CommsFramework\GraphicEngine.cpp">
      <Filter>ImportedFiles</Filter>
    </ClCompile>
    <ClCompile Include="..\CommsFramework\GraphicEngineInitParams.cpp">
      <Filter>ImportedFiles</Filter>
    </ClCompile>
    <ClCompile Include="..\CommsFramework\XmlReader.cpp">
      <Filter>ImportedFiles</Filter>
    </ClCompile>
    <ClCompile Include="..\CommsFramework\SFMLKeyboard.cpp">
      <Filter>ImportedFiles</Filter>
    </ClCompile>
    <ClCompile Include="PongBall.cpp">
      <Filter>Source Files</Filter>
    </ClCompile>
    <ClCompile Include="PongPaddle.cpp">
      <Filter>Source Files</Filter>
    </ClCompile>
    <ClCompile Include="..\CommsFramework\FRectangle.cpp">
      <Filter>ImportedFiles</Filter>
    </ClCompile>
    <ClCompile Include="..\CommsFramework\main.cpp">
      <Filter>ImportedFiles</Filter>
    </ClCompile>
    <ClCompile Include="..\CommsFramework\SFMLFont.cpp">
      <Filter>ImportedFiles</Filter>
    </ClCompile>
    <ClCompile Include="..\CommsFramework\SFMLText.cpp">
      <Filter>ImportedFiles</Filter>
    </ClCompile>
  </ItemGroup>
  <ItemGroup>
    <ClInclude Include="..\CommsFramework\XmlReader.h">
      <Filter>ImportedFiles</Filter>
    </ClInclude>
    <ClInclude Include="..\CommsFramework\PointerList.h">
      <Filter>ImportedFiles</Filter>
    </ClInclude>
    <ClInclude Include="..\CommsFramework\BaseGraphicEngine.h">
      <Filter>ImportedFiles</Filter>
    </ClInclude>
    <ClInclude Include="..\CommsFramework\BaseList.h">
      <Filter>ImportedFiles</Filter>
    </ClInclude>
    <ClInclude Include="..\CommsFramework\BaseSprite.h">
      <Filter>ImportedFiles</Filter>
    </ClInclude>
    <ClInclude Include="..\CommsFramework\BaseTexture.h">
      <Filter>ImportedFiles</Filter>
    </ClInclude>
    <ClInclude Include="..\CommsFramework\DrawObject.h">
      <Filter>ImportedFiles</Filter>
    </ClInclude>
    <ClInclude Include="..\CommsFramework\DSprite.h">
      <Filter>ImportedFiles</Filter>
    </ClInclude>
    <ClInclude Include="..\CommsFramework\DTexture.h">
      <Filter>ImportedFiles</Filter>
    </ClInclude>
    <ClInclude Include="..\CommsFramework\FileReader.h">
      <Filter>ImportedFiles</Filter>
    </ClInclude>
    <ClInclude Include="..\CommsFramework\FPosition.h">
      <Filter>ImportedFiles</Filter>
    </ClInclude>
    <ClInclude Include="..\CommsFramework\FSize.h">
      <Filter>ImportedFiles</Filter>
    </ClInclude>
    <ClInclude Include="..\CommsFramework\GameObject.h">
      <Filter>ImportedFiles</Filter>
    </ClInclude>
    <ClInclude Include="..\CommsFramework\GameStartInfo.h">
      <Filter>ImportedFiles</Filter>
    </ClInclude>
    <ClInclude Include="..\CommsFramework\GraphicEngine.h">
      <Filter>ImportedFiles</Filter>
    </ClInclude>
    <ClInclude Include="..\CommsFramework\GraphicEngineInitParams.h">
      <Filter>ImportedFiles</Filter>
    </ClInclude>
    <ClInclude Include="..\CommsFramework\Macros.h">
      <Filter>ImportedFiles</Filter>
    </ClInclude>
    <ClInclude Include="..\CommsFramework\BaseKeyboard.h">
      <Filter>ImportedFiles</Filter>
    </ClInclude>
    <ClInclude Include="..\CommsFramework\SFMLKeyboard.h">
      <Filter>ImportedFiles</Filter>
    </ClInclude>
    <ClInclude Include="PongBall.h">
      <Filter>Header Files</Filter>
    </ClInclude>
    <ClInclude Include="PongPaddle.h">
      <Filter>Header Files</Filter>
    </ClInclude>
    <ClInclude Include="..\CommsFramework\FRectangle.h">
      <Filter>ImportedFiles</Filter>
    </ClInclude>
    <ClInclude Include="..\CommsFramework\Graphical.h">
      <Filter>ImportedFiles</Filter>
    </ClInclude>
    <ClInclude Include="..\CommsFramework\Keys.h">
      <Filter>ImportedFiles</Filter>
    </ClInclude>
    <ClInclude Include="..\CommsFramework\Vectors.h">
      <Filter>ImportedFiles</Filter>
    </ClInclude>
    <ClInclude Include="..\CommsFramework\BaseFont.h">
      <Filter>ImportedFiles</Filter>
    </ClInclude>
    <ClInclude Include="..\CommsFramework\BaseText.h">
      <Filter>ImportedFiles</Filter>
    </ClInclude>
    <ClInclude Include="..\CommsFramework\SFMLFont.h">
      <Filter>ImportedFiles</Filter>
    </ClInclude>
    <ClInclude Include="..\CommsFramework\SFMLText.h">
      <Filter>ImportedFiles</Filter>
    </ClInclude>
  </ItemGroup>
</Project>