<?xml version="1.0" encoding="utf-8"?>
<Project ToolsVersion="4.0" xmlns="http://schemas.microsoft.com/developer/msbuild/2003">
  <ItemGroup>
    <Filter Include="Source Files">
      <UniqueIdentifier>{4FC737F1-C7A5-4376-A066-2A32D752A2FF}</UniqueIdentifier>
      <Extensions>cpp;c;cc;cxx;def;odl;idl;hpj;bat;asm;asmx</Extensions>
    </Filter>
    <Filter Include="Header Files">
      <UniqueIdentifier>{93995380-89BD-4b04-88EB-625FBE52EBFB}</UniqueIdentifier>
      <Extensions>h;hh;hpp;hxx;hm;inl;inc;xsd</Extensions>
    </Filter>
    <Filter Include="Resource Files">
      <UniqueIdentifier>{67DA6AB6-F800-4c08-8B7A-83BB121AAD01}</UniqueIdentifier>
      <Extensions>rc;ico;cur;bmp;dlg;rc2;rct;bin;rgs;gif;jpg;jpeg;jpe;resx;tiff;tif;png;wav;mfcribbon-ms</Extensions>
    </Filter>
    <Filter Include="Objects">
      <UniqueIdentifier>{2e008bea-2403-4af9-87d7-a1723b90f0b3}</UniqueIdentifier>
    </Filter>
    <Filter Include="Dialogs">
      <UniqueIdentifier>{2ff4f1d1-34f4-4c1f-aea8-9e5ff325b760}</UniqueIdentifier>
    </Filter>
  </ItemGroup>
  <ItemGroup>
    <ClCompile Include="main.cpp">
      <Filter>Source Files</Filter>
    </ClCompile>
    <ClCompile Include="Deck.cpp">
      <Filter>Source Files</Filter>
    </ClCompile>
    <ClCompile Include="Card.cpp">
      <Filter>Source Files</Filter>
    </ClCompile>
    <ClCompile Include="BlackjackGame.cpp">
      <Filter>Source Files</Filter>
    </ClCompile>
    <ClCompile Include="CardsShoe.cpp">
      <Filter>Objects</Filter>
    </ClCompile>
    <ClCompile Include="BlackjackPlayer.cpp">
      <Filter>Objects</Filter>
    </ClCompile>
    <ClCompile Include="BetSelection.cpp">
      <Filter>Source Files</Filter>
    </ClCompile>
    <ClCompile Include="BlackjackDealer.cpp">
      <Filter>Objects</Filter>
    </ClCompile>
    <ClCompile Include="CardActor.cpp">
      <Filter>Source Files</Filter>
    </ClCompile>
    <ClCompile Include="CardHand.cpp">
      <Filter>Objects</Filter>
    </ClCompile>
  </ItemGroup>
  <ItemGroup>
    <ClInclude Include="Deck.h">
      <Filter>Header Files</Filter>
    </ClInclude>
    <ClInclude Include="Card.h">
      <Filter>Header Files</Filter>
    </ClInclude>
    <ClInclude Include="BlackjackGame.h">
      <Filter>Header Files</Filter>
    </ClInclude>
    <ClInclude Include="CardsShoe.h">
      <Filter>Objects</Filter>
    </ClInclude>
    <ClInclude Include="BlackjackPlayer.h">
      <Filter>Objects</Filter>
    </ClInclude>
    <ClInclude Include="BetSelection.h">
      <Filter>Header Files</Filter>
    </ClInclude>
    <ClInclude Include="BlackjackDealer.h">
      <Filter>Objects</Filter>
    </ClInclude>
    <ClInclude Include="CardActor.h">
      <Filter>Header Files</Filter>
    </ClInclude>
    <ClInclude Include="CardHand.h">
      <Filter>Objects</Filter>
    </ClInclude>
  </ItemGroup>
</Project>