<?xml version="1.0" encoding="utf-8"?>
<Project ToolsVersion="4.0" xmlns="http://schemas.microsoft.com/developer/msbuild/2003">
  <ItemGroup>
    <Filter Include="Source Files">
      <UniqueIdentifier>{4FC737F1-C7A5-4376-A066-2A32D752A2FF}</UniqueIdentifier>
      <Extensions>cpp;c;cc;cxx;def;odl;idl;hpj;bat;asm;asmx</Extensions>
    </Filter>
    <Filter Include="Header Files">
      <UniqueIdentifier>{93995380-89BD-4b04-88EB-625FBE52EBFB}</UniqueIdentifier>
      <Extensions>h;hh;hpp;hxx;hm;inl;inc;xsd</Extensions>
    </Filter>
    <Filter Include="Resource Files">
      <UniqueIdentifier>{67DA6AB6-F800-4c08-8B7A-83BB121AAD01}</UniqueIdentifier>
      <Extensions>rc;ico;cur;bmp;dlg;rc2;rct;bin;rgs;gif;jpg;jpeg;jpe;resx;tiff;tif;png;wav;mfcribbon-ms</Extensions>
    </Filter>
    <Filter Include="Framework">
      <UniqueIdentifier>{7456fd13-2544-4936-88a6-6643c3b2e701}</UniqueIdentifier>
    </Filter>
    <Filter Include="Framework\Graphic">
      <UniqueIdentifier>{94709dac-c382-4d9a-86ca-a770656399dc}</UniqueIdentifier>
    </Filter>
    <Filter Include="Framework\Graphic\Base Classes">
      <UniqueIdentifier>{39c9a345-ea9f-4385-8198-85a5744a395d}</UniqueIdentifier>
    </Filter>
    <Filter Include="Framework\Graphic\SFML">
      <UniqueIdentifier>{caf1c03c-da63-4480-8d0c-58636161e336}</UniqueIdentifier>
    </Filter>
    <Filter Include="Framework\Game">
      <UniqueIdentifier>{89e85133-dbc5-4b58-b9b8-6e89d3bb39d9}</UniqueIdentifier>
    </Filter>
    <Filter Include="Framework\Collections">
      <UniqueIdentifier>{fb70d5b6-8628-4802-8bc8-ba0fea540a5c}</UniqueIdentifier>
    </Filter>
    <Filter Include="Framework\XML">
      <UniqueIdentifier>{5a7de150-8d61-49ee-a3ac-42d007bd4764}</UniqueIdentifier>
    </Filter>
    <Filter Include="Framework\IO">
      <UniqueIdentifier>{eac451c5-fc94-422d-bc0a-8f9dbd159a86}</UniqueIdentifier>
    </Filter>
    <Filter Include="Framework\Input">
      <UniqueIdentifier>{1e54f48d-44d0-4bdd-8ab3-4981cb8cd21e}</UniqueIdentifier>
    </Filter>
    <Filter Include="Framework\Math">
      <UniqueIdentifier>{d5c48c5c-a830-4edf-8517-22f91ad7c6bb}</UniqueIdentifier>
    </Filter>
    <Filter Include="Framework\Geometry">
      <UniqueIdentifier>{358afdf0-fd02-4698-a800-b19f15b4de91}</UniqueIdentifier>
    </Filter>
    <Filter Include="Framework\Filesystem">
      <UniqueIdentifier>{32ab1b03-5159-4112-9b55-f5c9f12c474c}</UniqueIdentifier>
    </Filter>
    <Filter Include="Framework\System">
      <UniqueIdentifier>{bbef2363-079e-4690-9e27-09d950c7527c}</UniqueIdentifier>
    </Filter>
    <Filter Include="Framework\Game\DataManager">
      <UniqueIdentifier>{5d2c28c0-dc28-46f9-8edb-85632129d98b}</UniqueIdentifier>
    </Filter>
    <Filter Include="Tests">
      <UniqueIdentifier>{e2ffb807-6bbb-4c9e-83bb-a3ff7bd46a95}</UniqueIdentifier>
    </Filter>
  </ItemGroup>
  <ItemGroup>
    <ClCompile Include="main.cpp">
      <Filter>Source Files</Filter>
    </ClCompile>
    <ClCompile Include="XmlReader.cpp">
      <Filter>Framework\XML</Filter>
    </ClCompile>
    <ClCompile Include="FileReader.cpp">
      <Filter>Framework\IO</Filter>
    </ClCompile>
    <ClCompile Include="GraphicEngineInitParams.cpp">
      <Filter>Framework\Graphic</Filter>
    </ClCompile>
    <ClCompile Include="GameObject.cpp">
      <Filter>Framework\Game</Filter>
    </ClCompile>
    <ClCompile Include="DSprite.cpp">
      <Filter>Framework\Graphic\SFML</Filter>
    </ClCompile>
    <ClCompile Include="DTexture.cpp">
      <Filter>Framework\Graphic\SFML</Filter>
    </ClCompile>
    <ClCompile Include="GraphicEngine.cpp">
      <Filter>Framework\Graphic\SFML</Filter>
    </ClCompile>
    <ClCompile Include="SFMLKeyboard.cpp">
      <Filter>Framework\Graphic\SFML</Filter>
    </ClCompile>
    <ClCompile Include="FPosition.cpp">
      <Filter>Framework\Geometry</Filter>
    </ClCompile>
    <ClCompile Include="FSize.cpp">
      <Filter>Framework\Geometry</Filter>
    </ClCompile>
    <ClCompile Include="FRectangle.cpp">
      <Filter>Framework\Geometry</Filter>
    </ClCompile>
    <ClCompile Include="SFMLFont.cpp">
      <Filter>Framework\Graphic\SFML</Filter>
    </ClCompile>
    <ClCompile Include="SFMLText.cpp">
      <Filter>Framework\Graphic\SFML</Filter>
    </ClCompile>
    <ClCompile Include="DrawObject.cpp">
      <Filter>Framework\Graphic</Filter>
    </ClCompile>
    <ClCompile Include="PackageFile.cpp">
      <Filter>Framework\IO</Filter>
    </ClCompile>
    <ClCompile Include="BitHelper.cpp">
      <Filter>Framework\System</Filter>
    </ClCompile>
    <ClCompile Include="ResourceManager.cpp">
      <Filter>Framework\Game\DataManager</Filter>
    </ClCompile>
    <ClCompile Include="TestRunner.cpp">
      <Filter>Tests</Filter>
    </ClCompile>
    <ClCompile Include="Resource.cpp">
      <Filter>Framework\Game\DataManager</Filter>
    </ClCompile>
  </ItemGroup>
  <ItemGroup>
    <Image Include="Assets\texture.png">
      <Filter>Resource Files</Filter>
    </Image>
  </ItemGroup>
  <ItemGroup>
    <ClInclude Include="XmlReader.h">
      <Filter>Framework\XML</Filter>
    </ClInclude>
    <ClInclude Include="FileReader.h">
      <Filter>Framework\IO</Filter>
    </ClInclude>
    <ClInclude Include="GraphicEngineInitParams.h">
      <Filter>Framework\Graphic</Filter>
    </ClInclude>
    <ClInclude Include="PointerList.h">
      <Filter>Framework\Collections</Filter>
    </ClInclude>
    <ClInclude Include="BaseList.h">
      <Filter>Framework\Collections</Filter>
    </ClInclude>
    <ClInclude Include="BaseGraphicEngine.h">
      <Filter>Framework\Graphic\Base Classes</Filter>
    </ClInclude>
    <ClInclude Include="BaseSprite.h">
      <Filter>Framework\Graphic\Base Classes</Filter>
    </ClInclude>
    <ClInclude Include="DrawObject.h">
      <Filter>Framework\Graphic</Filter>
    </ClInclude>
    <ClInclude Include="GameObject.h">
      <Filter>Framework\Game</Filter>
    </ClInclude>
    <ClInclude Include="BaseTexture.h">
      <Filter>Framework\Graphic\Base Classes</Filter>
    </ClInclude>
    <ClInclude Include="DSprite.h">
      <Filter>Framework\Graphic\SFML</Filter>
    </ClInclude>
    <ClInclude Include="DTexture.h">
      <Filter>Framework\Graphic\SFML</Filter>
    </ClInclude>
    <ClInclude Include="GraphicEngine.h">
      <Filter>Framework\Graphic\SFML</Filter>
    </ClInclude>
    <ClInclude Include="Macros.h">
      <Filter>Framework</Filter>
    </ClInclude>
    <ClInclude Include="Graphical.h">
      <Filter>Header Files</Filter>
    </ClInclude>
    <ClInclude Include="Keys.h">
      <Filter>Framework\Input</Filter>
    </ClInclude>
    <ClInclude Include="BaseKeyboard.h">
      <Filter>Framework\Graphic\Base Classes</Filter>
    </ClInclude>
    <ClInclude Include="SFMLKeyboard.h">
      <Filter>Framework\Graphic\SFML</Filter>
    </ClInclude>
    <ClInclude Include="FPosition.h">
      <Filter>Framework\Geometry</Filter>
    </ClInclude>
    <ClInclude Include="FSize.h">
      <Filter>Framework\Geometry</Filter>
    </ClInclude>
    <ClInclude Include="FRectangle.h">
      <Filter>Framework\Geometry</Filter>
    </ClInclude>
    <ClInclude Include="Vectors.h">
      <Filter>Framework\Geometry</Filter>
    </ClInclude>
    <ClInclude Include="BaseFont.h">
      <Filter>Framework\Graphic\Base Classes</Filter>
    </ClInclude>
    <ClInclude Include="SFMLFont.h">
      <Filter>Framework\Graphic\SFML</Filter>
    </ClInclude>
    <ClInclude Include="BaseText.h">
      <Filter>Framework\Graphic\Base Classes</Filter>
    </ClInclude>
    <ClInclude Include="SFMLText.h">
      <Filter>Framework\Graphic\SFML</Filter>
    </ClInclude>
    <ClInclude Include="SFMLDrawable.h">
      <Filter>Framework\Graphic\SFML</Filter>
    </ClInclude>
    <ClInclude Include="PackageFile.h">
      <Filter>Framework\IO</Filter>
    </ClInclude>
    <ClInclude Include="BitHelper.h">
      <Filter>Framework\System</Filter>
    </ClInclude>
    <ClInclude Include="ResourceManager.h">
      <Filter>Framework\Game\DataManager</Filter>
    </ClInclude>
    <ClInclude Include="TestRunner.h">
      <Filter>Tests</Filter>
    </ClInclude>
    <ClInclude Include="Resource.h">
      <Filter>Framework\Game\DataManager</Filter>
    </ClInclude>
  </ItemGroup>
</Project>