<?xml version="1.0" encoding="utf-8"?>
<Project ToolsVersion="4.0" xmlns="http://schemas.microsoft.com/developer/msbuild/2003">
  <ItemGroup>
    <Filter Include="Source Files">
      <UniqueIdentifier>{4FC737F1-C7A5-4376-A066-2A32D752A2FF}</UniqueIdentifier>
      <Extensions>cpp;c;cc;cxx;def;odl;idl;hpj;bat;asm;asmx</Extensions>
    </Filter>
    <Filter Include="Header Files">
      <UniqueIdentifier>{93995380-89BD-4b04-88EB-625FBE52EBFB}</UniqueIdentifier>
      <Extensions>h;hh;hpp;hxx;hm;inl;inc;xsd</Extensions>
    </Filter>
    <Filter Include="Resource Files">
      <UniqueIdentifier>{67DA6AB6-F800-4c08-8B7A-83BB121AAD01}</UniqueIdentifier>
      <Extensions>rc;ico;cur;bmp;dlg;rc2;rct;bin;rgs;gif;jpg;jpeg;jpe;resx;tiff;tif;png;wav;mfcribbon-ms</Extensions>
    </Filter>
    <Filter Include="Collections">
      <UniqueIdentifier>{fb70d5b6-8628-4802-8bc8-ba0fea540a5c}</UniqueIdentifier>
    </Filter>
    <Filter Include="Graphic">
      <UniqueIdentifier>{94709dac-c382-4d9a-86ca-a770656399dc}</UniqueIdentifier>
    </Filter>
    <Filter Include="IO">
      <UniqueIdentifier>{eac451c5-fc94-422d-bc0a-8f9dbd159a86}</UniqueIdentifier>
    </Filter>
    <Filter Include="XML">
      <UniqueIdentifier>{5a7de150-8d61-49ee-a3ac-42d007bd4764}</UniqueIdentifier>
    </Filter>
  </ItemGroup>
  <ItemGroup>
    <ClCompile Include="main.cpp">
      <Filter>Source Files</Filter>
    </ClCompile>
    <ClCompile Include="XmlReader.cpp">
      <Filter>XML</Filter>
    </ClCompile>
    <ClCompile Include="FileReader.cpp">
      <Filter>IO</Filter>
    </ClCompile>
    <ClCompile Include="GraphicEngineInitParams.cpp">
      <Filter>Graphic</Filter>
    </ClCompile>
    <ClCompile Include="GraphicEngine.cpp">
      <Filter>Graphic</Filter>
    </ClCompile>
    <ClCompile Include="FSize.cpp">
      <Filter>Source Files</Filter>
    </ClCompile>
    <ClCompile Include="FPosition.cpp">
      <Filter>Source Files</Filter>
    </ClCompile>
    <ClCompile Include="DTexture.cpp">
      <Filter>Graphic</Filter>
    </ClCompile>
    <ClCompile Include="DSprite.cpp">
      <Filter>Graphic</Filter>
    </ClCompile>
  </ItemGroup>
  <ItemGroup>
    <Image Include="Assets\texture.png">
      <Filter>Resource Files</Filter>
    </Image>
  </ItemGroup>
  <ItemGroup>
    <ClInclude Include="Macros.h">
      <Filter>Header Files</Filter>
    </ClInclude>
    <ClInclude Include="XmlReader.h">
      <Filter>XML</Filter>
    </ClInclude>
    <ClInclude Include="FileReader.h">
      <Filter>IO</Filter>
    </ClInclude>
    <ClInclude Include="GraphicEngineInitParams.h">
      <Filter>Graphic</Filter>
    </ClInclude>
    <ClInclude Include="GraphicEngine.h">
      <Filter>Graphic</Filter>
    </ClInclude>
    <ClInclude Include="FSize.h">
      <Filter>Header Files</Filter>
    </ClInclude>
    <ClInclude Include="FPosition.h">
      <Filter>Header Files</Filter>
    </ClInclude>
    <ClInclude Include="DTexture.h">
      <Filter>Graphic</Filter>
    </ClInclude>
    <ClInclude Include="DSprite.h">
      <Filter>Graphic</Filter>
    </ClInclude>
    <ClInclude Include="PointerList.h">
      <Filter>Collections</Filter>
    </ClInclude>
    <ClInclude Include="BaseList.h">
      <Filter>Collections</Filter>
    </ClInclude>
  </ItemGroup>
</Project>