<?xml version="1.0" encoding="utf-8"?>
<Project ToolsVersion="4.0" xmlns="http://schemas.microsoft.com/developer/msbuild/2003">
  <ItemGroup>
    <Filter Include="Source Files">
      <UniqueIdentifier>{4FC737F1-C7A5-4376-A066-2A32D752A2FF}</UniqueIdentifier>
      <Extensions>cpp;c;cc;cxx;def;odl;idl;hpj;bat;asm;asmx</Extensions>
    </Filter>
    <Filter Include="Header Files">
      <UniqueIdentifier>{93995380-89BD-4b04-88EB-625FBE52EBFB}</UniqueIdentifier>
      <Extensions>h;hh;hpp;hxx;hm;inl;inc;xsd</Extensions>
    </Filter>
    <Filter Include="Resource Files">
      <UniqueIdentifier>{67DA6AB6-F800-4c08-8B7A-83BB121AAD01}</UniqueIdentifier>
      <Extensions>rc;ico;cur;bmp;dlg;rc2;rct;bin;rgs;gif;jpg;jpeg;jpe;resx;tiff;tif;png;wav;mfcribbon-ms</Extensions>
    </Filter>
    <Filter Include="Framework">
      <UniqueIdentifier>{7456fd13-2544-4936-88a6-6643c3b2e701}</UniqueIdentifier>
    </Filter>
    <Filter Include="Framework\Graphic">
      <UniqueIdentifier>{94709dac-c382-4d9a-86ca-a770656399dc}</UniqueIdentifier>
    </Filter>
    <Filter Include="Framework\Graphic\Base Classes">
      <UniqueIdentifier>{39c9a345-ea9f-4385-8198-85a5744a395d}</UniqueIdentifier>
    </Filter>
    <Filter Include="Framework\Graphic\SFML">
      <UniqueIdentifier>{caf1c03c-da63-4480-8d0c-58636161e336}</UniqueIdentifier>
    </Filter>
    <Filter Include="Framework\Game">
      <UniqueIdentifier>{89e85133-dbc5-4b58-b9b8-6e89d3bb39d9}</UniqueIdentifier>
    </Filter>
    <Filter Include="Framework\Collections">
      <UniqueIdentifier>{fb70d5b6-8628-4802-8bc8-ba0fea540a5c}</UniqueIdentifier>
    </Filter>
    <Filter Include="Framework\XML">
      <UniqueIdentifier>{5a7de150-8d61-49ee-a3ac-42d007bd4764}</UniqueIdentifier>
    </Filter>
    <Filter Include="Framework\IO">
      <UniqueIdentifier>{eac451c5-fc94-422d-bc0a-8f9dbd159a86}</UniqueIdentifier>
    </Filter>
    <Filter Include="Framework\Input">
      <UniqueIdentifier>{1e54f48d-44d0-4bdd-8ab3-4981cb8cd21e}</UniqueIdentifier>
    </Filter>
    <Filter Include="Framework\Math">
      <UniqueIdentifier>{d5c48c5c-a830-4edf-8517-22f91ad7c6bb}</UniqueIdentifier>
    </Filter>
    <Filter Include="Framework\Geometry">
      <UniqueIdentifier>{358afdf0-fd02-4698-a800-b19f15b4de91}</UniqueIdentifier>
    </Filter>
    <Filter Include="Framework\Filesystem">
      <UniqueIdentifier>{32ab1b03-5159-4112-9b55-f5c9f12c474c}</UniqueIdentifier>
    </Filter>
    <Filter Include="Framework\System">
      <UniqueIdentifier>{bbef2363-079e-4690-9e27-09d950c7527c}</UniqueIdentifier>
    </Filter>
    <Filter Include="Framework\Game\DataManager">
      <UniqueIdentifier>{5d2c28c0-dc28-46f9-8edb-85632129d98b}</UniqueIdentifier>
    </Filter>
    <Filter Include="Framework\Engine">
      <UniqueIdentifier>{c5e0ac05-eff1-4a07-b8dc-9c1b1baec60f}</UniqueIdentifier>
    </Filter>
    <Filter Include="Framework\Filesystem\Windows">
      <UniqueIdentifier>{a33351cc-8dbc-44a6-a75d-937f2572f1f7}</UniqueIdentifier>
    </Filter>
    <Filter Include="Framework\Filesystem\Linux">
      <UniqueIdentifier>{c0ee2877-48c3-42ea-804f-8c236eba4082}</UniqueIdentifier>
    </Filter>
    <Filter Include="Framework\Game\Rules">
      <UniqueIdentifier>{5f0b3ef9-0e31-4455-860e-f2d879bd7cf4}</UniqueIdentifier>
    </Filter>
    <Filter Include="Framework\Game\Rules\Physics">
      <UniqueIdentifier>{000faec8-137c-4c27-984d-c1c9fb428eff}</UniqueIdentifier>
    </Filter>
    <Filter Include="Framework\Game\Actors">
      <UniqueIdentifier>{2355bdf5-fc5a-4705-b3f5-60528bd462b6}</UniqueIdentifier>
    </Filter>
    <Filter Include="Framework\Configuration">
      <UniqueIdentifier>{ba956427-a2bc-4144-9f1a-f29a0ba933ea}</UniqueIdentifier>
    </Filter>
    <Filter Include="Framework\Engine\Dialogs">
      <UniqueIdentifier>{fb4aa101-99dc-438e-abfd-29d96362f56e}</UniqueIdentifier>
    </Filter>
    <Filter Include="Framework\Types">
      <UniqueIdentifier>{19ef528d-5a54-4c3c-9a07-b157f63709fe}</UniqueIdentifier>
    </Filter>
    <Filter Include="Framework\Network">
      <UniqueIdentifier>{9e15695d-0b7c-4011-87fa-341b0c2088f5}</UniqueIdentifier>
    </Filter>
    <Filter Include="Framework\Database">
      <UniqueIdentifier>{5a9471e8-b235-40bc-a78c-c864a9d68148}</UniqueIdentifier>
    </Filter>
  </ItemGroup>
  <ItemGroup>
    <ClCompile Include="XmlReader.cpp">
      <Filter>Framework\XML</Filter>
    </ClCompile>
    <ClCompile Include="FileReader.cpp">
      <Filter>Framework\IO</Filter>
    </ClCompile>
    <ClCompile Include="DSprite.cpp">
      <Filter>Framework\Graphic\SFML</Filter>
    </ClCompile>
    <ClCompile Include="DTexture.cpp">
      <Filter>Framework\Graphic\SFML</Filter>
    </ClCompile>
    <ClCompile Include="GraphicEngine.cpp">
      <Filter>Framework\Graphic\SFML</Filter>
    </ClCompile>
    <ClCompile Include="SFMLKeyboard.cpp">
      <Filter>Framework\Graphic\SFML</Filter>
    </ClCompile>
    <ClCompile Include="FPosition.cpp">
      <Filter>Framework\Geometry</Filter>
    </ClCompile>
    <ClCompile Include="FSize.cpp">
      <Filter>Framework\Geometry</Filter>
    </ClCompile>
    <ClCompile Include="FRectangle.cpp">
      <Filter>Framework\Geometry</Filter>
    </ClCompile>
    <ClCompile Include="SFMLFont.cpp">
      <Filter>Framework\Graphic\SFML</Filter>
    </ClCompile>
    <ClCompile Include="SFMLText.cpp">
      <Filter>Framework\Graphic\SFML</Filter>
    </ClCompile>
    <ClCompile Include="DrawObject.cpp">
      <Filter>Framework\Graphic</Filter>
    </ClCompile>
    <ClCompile Include="PackageFile.cpp">
      <Filter>Framework\IO</Filter>
    </ClCompile>
    <ClCompile Include="BitHelper.cpp">
      <Filter>Framework\System</Filter>
    </ClCompile>
    <ClCompile Include="ResourceManager.cpp">
      <Filter>Framework\Game\DataManager</Filter>
    </ClCompile>
    <ClCompile Include="Resource.cpp">
      <Filter>Framework\Game\DataManager</Filter>
    </ClCompile>
    <ClCompile Include="ResourceContainer.cpp">
      <Filter>Framework\Game\DataManager</Filter>
    </ClCompile>
    <ClCompile Include="GameModule.cpp">
      <Filter>Framework\Engine</Filter>
    </ClCompile>
    <ClCompile Include="GameEngine.cpp">
      <Filter>Framework\Engine</Filter>
    </ClCompile>
    <ClCompile Include="SpriteDescriptor.cpp">
      <Filter>Framework\Game</Filter>
    </ClCompile>
    <ClCompile Include="Utilities.cpp">
      <Filter>Framework\System</Filter>
    </ClCompile>
    <ClCompile Include="XDirectory.cpp">
      <Filter>Framework\Filesystem</Filter>
    </ClCompile>
    <ClCompile Include="XFile.cpp">
      <Filter>Framework\Filesystem</Filter>
    </ClCompile>
    <ClCompile Include="WindowsHelpers.cpp">
      <Filter>Framework\Filesystem\Windows</Filter>
    </ClCompile>
    <ClCompile Include="SFMLMouse.cpp">
      <Filter>Framework\Graphic\SFML</Filter>
    </ClCompile>
    <ClCompile Include="BaseMouse.cpp">
      <Filter>Framework\Graphic\Base Classes</Filter>
    </ClCompile>
    <ClCompile Include="BaseSprite.cpp">
      <Filter>Framework\Graphic\Base Classes</Filter>
    </ClCompile>
    <ClCompile Include="SpriteAnimation.cpp">
      <Filter>Framework\Graphic</Filter>
    </ClCompile>
    <ClCompile Include="GameRule.cpp">
      <Filter>Framework\Game</Filter>
    </ClCompile>
    <ClCompile Include="GravityObjectsFallDownRule.cpp">
      <Filter>Framework\Game\Rules\Physics</Filter>
    </ClCompile>
    <ClCompile Include="BaseActor.cpp">
      <Filter>Framework\Game\Actors</Filter>
    </ClCompile>
    <ClCompile Include="RandomGen.cpp">
      <Filter>Framework\Math</Filter>
    </ClCompile>
    <ClCompile Include="SettingsRepository.cpp">
      <Filter>Framework\Configuration</Filter>
    </ClCompile>
    <ClCompile Include="EngineDialogMessage.cpp">
      <Filter>Framework\Engine\Dialogs</Filter>
    </ClCompile>
    <ClCompile Include="DialogManager.cpp">
      <Filter>Framework\Engine\Dialogs</Filter>
    </ClCompile>
    <ClCompile Include="GameMessageWindow.cpp">
      <Filter>Framework\Engine\Dialogs</Filter>
    </ClCompile>
    <ClCompile Include="WeightedNumberGenerator.cpp">
      <Filter>Framework\Math</Filter>
    </ClCompile>
    <ClCompile Include="YesNoDialog.cpp">
      <Filter>Framework\Engine\Dialogs</Filter>
    </ClCompile>
    <ClCompile Include="Utils.cpp">
      <Filter>Source Files</Filter>
    </ClCompile>
    <ClCompile Include="SocketClient.cpp">
      <Filter>Framework\Network</Filter>
    </ClCompile>
    <ClCompile Include="SocketServer.cpp">
      <Filter>Framework\Network</Filter>
    </ClCompile>
    <ClCompile Include="RethinkDb.cpp">
      <Filter>Framework\Database</Filter>
    </ClCompile>
    <ClCompile Include="MessageDialog.cpp">
      <Filter>Source Files</Filter>
    </ClCompile>
  </ItemGroup>
  <ItemGroup>
    <ClInclude Include="XmlReader.h">
      <Filter>Framework\XML</Filter>
    </ClInclude>
    <ClInclude Include="FileReader.h">
      <Filter>Framework\IO</Filter>
    </ClInclude>
    <ClInclude Include="GraphicEngineInitParams.h">
      <Filter>Framework\Graphic</Filter>
    </ClInclude>
    <ClInclude Include="PointerList.h">
      <Filter>Framework\Collections</Filter>
    </ClInclude>
    <ClInclude Include="BaseList.h">
      <Filter>Framework\Collections</Filter>
    </ClInclude>
    <ClInclude Include="BaseGraphicEngine.h">
      <Filter>Framework\Graphic\Base Classes</Filter>
    </ClInclude>
    <ClInclude Include="BaseSprite.h">
      <Filter>Framework\Graphic\Base Classes</Filter>
    </ClInclude>
    <ClInclude Include="DrawObject.h">
      <Filter>Framework\Graphic</Filter>
    </ClInclude>
    <ClInclude Include="BaseTexture.h">
      <Filter>Framework\Graphic\Base Classes</Filter>
    </ClInclude>
    <ClInclude Include="DSprite.h">
      <Filter>Framework\Graphic\SFML</Filter>
    </ClInclude>
    <ClInclude Include="DTexture.h">
      <Filter>Framework\Graphic\SFML</Filter>
    </ClInclude>
    <ClInclude Include="GraphicEngine.h">
      <Filter>Framework\Graphic\SFML</Filter>
    </ClInclude>
    <ClInclude Include="Macros.h">
      <Filter>Framework</Filter>
    </ClInclude>
    <ClInclude Include="Keys.h">
      <Filter>Framework\Input</Filter>
    </ClInclude>
    <ClInclude Include="BaseKeyboard.h">
      <Filter>Framework\Graphic\Base Classes</Filter>
    </ClInclude>
    <ClInclude Include="SFMLKeyboard.h">
      <Filter>Framework\Graphic\SFML</Filter>
    </ClInclude>
    <ClInclude Include="FPosition.h">
      <Filter>Framework\Geometry</Filter>
    </ClInclude>
    <ClInclude Include="FSize.h">
      <Filter>Framework\Geometry</Filter>
    </ClInclude>
    <ClInclude Include="FRectangle.h">
      <Filter>Framework\Geometry</Filter>
    </ClInclude>
    <ClInclude Include="Vectors.h">
      <Filter>Framework\Geometry</Filter>
    </ClInclude>
    <ClInclude Include="BaseFont.h">
      <Filter>Framework\Graphic\Base Classes</Filter>
    </ClInclude>
    <ClInclude Include="SFMLFont.h">
      <Filter>Framework\Graphic\SFML</Filter>
    </ClInclude>
    <ClInclude Include="BaseText.h">
      <Filter>Framework\Graphic\Base Classes</Filter>
    </ClInclude>
    <ClInclude Include="SFMLText.h">
      <Filter>Framework\Graphic\SFML</Filter>
    </ClInclude>
    <ClInclude Include="SFMLDrawable.h">
      <Filter>Framework\Graphic\SFML</Filter>
    </ClInclude>
    <ClInclude Include="PackageFile.h">
      <Filter>Framework\IO</Filter>
    </ClInclude>
    <ClInclude Include="BitHelper.h">
      <Filter>Framework\System</Filter>
    </ClInclude>
    <ClInclude Include="ResourceManager.h">
      <Filter>Framework\Game\DataManager</Filter>
    </ClInclude>
    <ClInclude Include="Resource.h">
      <Filter>Framework\Game\DataManager</Filter>
    </ClInclude>
    <ClInclude Include="ResourceContainer.h">
      <Filter>Framework\Game\DataManager</Filter>
    </ClInclude>
    <ClInclude Include="GameModule.h">
      <Filter>Framework\Engine</Filter>
    </ClInclude>
    <ClInclude Include="GameEngine.h">
      <Filter>Framework\Engine</Filter>
    </ClInclude>
    <ClInclude Include="Graphical.h">
      <Filter>Framework\Graphic</Filter>
    </ClInclude>
    <ClInclude Include="SpriteDescriptor.h">
      <Filter>Framework\Game</Filter>
    </ClInclude>
    <ClInclude Include="Utilities.h">
      <Filter>Framework\System</Filter>
    </ClInclude>
    <ClInclude Include="FileSystem.h">
      <Filter>Framework\Filesystem</Filter>
    </ClInclude>
    <ClInclude Include="XDirectory.h">
      <Filter>Framework\Filesystem</Filter>
    </ClInclude>
    <ClInclude Include="XFile.h">
      <Filter>Framework\Filesystem</Filter>
    </ClInclude>
    <ClInclude Include="WindowsHelpers.h">
      <Filter>Framework\Filesystem\Windows</Filter>
    </ClInclude>
    <ClInclude Include="BaseMouse.h">
      <Filter>Framework\Graphic\Base Classes</Filter>
    </ClInclude>
    <ClInclude Include="SFMLMouse.h">
      <Filter>Framework\Graphic\SFML</Filter>
    </ClInclude>
    <ClInclude Include="SpriteAnimation.h">
      <Filter>Framework\Graphic</Filter>
    </ClInclude>
    <ClInclude Include="GameRule.h">
      <Filter>Framework\Game</Filter>
    </ClInclude>
    <ClInclude Include="GravityObjectsFallDownRule.h">
      <Filter>Framework\Game\Rules\Physics</Filter>
    </ClInclude>
    <ClInclude Include="BaseActor.h">
      <Filter>Framework\Game\Actors</Filter>
    </ClInclude>
    <ClInclude Include="RandomGen.h">
      <Filter>Framework\Math</Filter>
    </ClInclude>
    <ClInclude Include="SettingsRepository.h">
      <Filter>Framework\Configuration</Filter>
    </ClInclude>
    <ClInclude Include="EngineDialogMessage.h">
      <Filter>Framework\Engine\Dialogs</Filter>
    </ClInclude>
    <ClInclude Include="DialogManager.h">
      <Filter>Framework\Engine\Dialogs</Filter>
    </ClInclude>
    <ClInclude Include="GameMessageWindow.h">
      <Filter>Framework\Engine\Dialogs</Filter>
    </ClInclude>
    <ClInclude Include="WeightedNumberGenerator.h">
      <Filter>Framework\Math</Filter>
    </ClInclude>
    <ClInclude Include="Pair.h">
      <Filter>Framework\Types</Filter>
    </ClInclude>
    <ClInclude Include="BaseStack.h">
      <Filter>Framework\Collections</Filter>
    </ClInclude>
    <ClInclude Include="LiteList.h">
      <Filter>Framework\Collections</Filter>
    </ClInclude>
    <ClInclude Include="IDialog.h">
      <Filter>Framework\Engine\Dialogs</Filter>
    </ClInclude>
    <ClInclude Include="YesNoDialog.h">
      <Filter>Framework\Engine\Dialogs</Filter>
    </ClInclude>
    <ClInclude Include="MouseClickInfo.h">
      <Filter>Framework\Input</Filter>
    </ClInclude>
    <ClInclude Include="Utils.h">
      <Filter>Header Files</Filter>
    </ClInclude>
    <ClInclude Include="SocketClient.h">
      <Filter>Framework\Network</Filter>
    </ClInclude>
    <ClInclude Include="SocketServer.h">
      <Filter>Framework\Network</Filter>
    </ClInclude>
    <ClInclude Include="RethinkDb.h">
      <Filter>Framework\Database</Filter>
    </ClInclude>
    <ClInclude Include="BaseQueue.h">
      <Filter>Framework\Collections</Filter>
    </ClInclude>
    <ClInclude Include="Network.h">
      <Filter>Framework\Network</Filter>
    </ClInclude>
    <ClInclude Include="MessageDialog.h">
      <Filter>Header Files</Filter>
    </ClInclude>
  </ItemGroup>
</Project>